# This file is automatically @generated by pesde.
# It is not intended for manual editing.
format = 2
name = "emdomanus/tempo"
version = "0.1.1"
target = "roblox"

[graph."emdomanus/advanced_utils@0.1.0 roblox"]
direct = ["advancedUtils", { name = "emdomanus/advanced_utils", version = "^0.1.0", index = "default" }, "standard"]

[graph."emdomanus/advanced_utils@0.1.0 roblox".pkg_ref]
ref_ty = "pesde"
index_url = "https://github.com/pesde-pkg/index"
